
Microsoft Visual Studio Solution File, Format Version 12.00
# Visual Studio 15
VisualStudioVersion = 15.0.27703.2018
MinimumVisualStudioVersion = 10.0.40219.1
Project("{FAE04EC0-301F-11D3-BF4B-00C04F79EFBC}") = "YAKD", "YAKD\YAKD.csproj", "{76F40033-6E9A-4CE1-94E6-BC2C348C2BA2}"
EndProject
Project("{8BC9CEB8-8B4A-11D0-8D11-00A0C91BC942}") = "RTSS", "RTSSCustomOSD\RTSS.vcxproj", "{53939D64-D853-4B4C-A4F9-2FCE48502725}"
EndProject
Global
	GlobalSection(SolutionConfigurationPlatforms) = preSolution
		Debug|Any CPU = Debug|Any CPU
		Debug|x64 = Debug|x64
		Debug|x86 = Debug|x86
		Release|Any CPU = Release|Any CPU
		Release|x64 = Release|x64
		Release|x86 = Release|x86
	EndGlobalSection
	GlobalSection(ProjectConfigurationPlatforms) = postSolution
		{76F40033-6E9A-4CE1-94E6-BC2C348C2BA2}.Debug|Any CPU.ActiveCfg = Debug|Any CPU
		{76F40033-6E9A-4CE1-94E6-BC2C348C2BA2}.Debug|Any CPU.Build.0 = Debug|Any CPU
		{76F40033-6E9A-4CE1-94E6-BC2C348C2BA2}.Debug|x64.ActiveCfg = Debug|Any CPU
		{76F40033-6E9A-4CE1-94E6-BC2C348C2BA2}.Debug|x64.Build.0 = Debug|Any CPU
		{76F40033-6E9A-4CE1-94E6-BC2C348C2BA2}.Debug|x86.ActiveCfg = Debug|Any CPU
		{76F40033-6E9A-4CE1-94E6-BC2C348C2BA2}.Debug|x86.Build.0 = Debug|Any CPU
		{76F40033-6E9A-4CE1-94E6-BC2C348C2BA2}.Release|Any CPU.ActiveCfg = Release|Any CPU
		{76F40033-6E9A-4CE1-94E6-BC2C348C2BA2}.Release|Any CPU.Build.0 = Release|Any CPU
		{76F40033-6E9A-4CE1-94E6-BC2C348C2BA2}.Release|x64.ActiveCfg = Release|Any CPU
		{76F40033-6E9A-4CE1-94E6-BC2C348C2BA2}.Release|x64.Build.0 = Release|Any CPU
		{76F40033-6E9A-4CE1-94E6-BC2C348C2BA2}.Release|x86.ActiveCfg = Release|Any CPU
		{76F40033-6E9A-4CE1-94E6-BC2C348C2BA2}.Release|x86.Build.0 = Release|Any CPU
		{53939D64-D853-4B4C-A4F9-2FCE48502725}.Debug|Any CPU.ActiveCfg = Debug|Win32
		{53939D64-D853-4B4C-A4F9-2FCE48502725}.Debug|x64.ActiveCfg = Debug|x64
		{53939D64-D853-4B4C-A4F9-2FCE48502725}.Debug|x64.Build.0 = Debug|x64
		{53939D64-D853-4B4C-A4F9-2FCE48502725}.Debug|x86.ActiveCfg = Debug|Win32
		{53939D64-D853-4B4C-A4F9-2FCE48502725}.Debug|x86.Build.0 = Debug|Win32
		{53939D64-D853-4B4C-A4F9-2FCE48502725}.Release|Any CPU.ActiveCfg = Release|Win32
		{53939D64-D853-4B4C-A4F9-2FCE48502725}.Release|x64.ActiveCfg = Release|x64
		{53939D64-D853-4B4C-A4F9-2FCE48502725}.Release|x64.Build.0 = Release|x64
		{53939D64-D853-4B4C-A4F9-2FCE48502725}.Release|x86.ActiveCfg = Release|Win32
		{53939D64-D853-4B4C-A4F9-2FCE48502725}.Release|x86.Build.0 = Release|Win32
	EndGlobalSection
	GlobalSection(SolutionProperties) = preSolution
		HideSolutionNode = FALSE
	EndGlobalSection
	GlobalSection(ExtensibilityGlobals) = postSolution
		SolutionGuid = {F6EF29BC-D095-4A29-81F3-C4A1195B0D9C}
	EndGlobalSection
EndGlobal
